# This file is automatically @generated by Cargo.
# It is not intended for manual editing.
version = 3

[[package]]
name = "biodivine-lib-bdd"
version = "0.2.1"
dependencies = [
 "fxhash",
]

[[package]]
name = "byteorder"
version = "1.4.3"
source = "registry+https://github.com/rust-lang/crates.io-index"
checksum = "14c189c53d098945499cdfa7ecc63567cf3886b3332b312a5b4585d8d3a6a610"

[[package]]
name = "cfg-if"
version = "1.0.0"
source = "registry+https://github.com/rust-lang/crates.io-index"
checksum = "baf1de4339761588bc0619e3cbc0120ee582ebb74b53b4efbf79117bd2da40fd"

[[package]]
name = "datafrog"
version = "2.0.1"
source = "registry+https://github.com/rust-lang/crates.io-index"
checksum = "a0afaad2b26fa326569eb264b1363e8ae3357618c43982b3f285f0774ce76b69"

[[package]]
name = "fxhash"
version = "0.2.1"
source = "registry+https://github.com/rust-lang/crates.io-index"
checksum = "c31b6d751ae2c7f11320402d34e41349dd1016f8d5d45e48c4312bc8625af50c"
dependencies = [
 "byteorder",
]

[[package]]
name = "log"
version = "0.4.14"
source = "registry+https://github.com/rust-lang/crates.io-index"
checksum = "51b9bbe6c47d51fc3e1a9b945965946b4c44142ab8792c50835a980d362c2710"
dependencies = [
 "cfg-if",
]

[[package]]
name = "once_cell"
version = "1.8.0"
source = "registry+https://github.com/rust-lang/crates.io-index"
checksum = "692fcb63b64b1758029e0a96ee63e049ce8c5948587f2f7208df04625e5f6b56"

[[package]]
name = "polonius-bdd"
version = "0.1.0"
dependencies = [
 "biodivine-lib-bdd",
 "log",
 "once_cell",
 "polonius-engine",
 "rustc-hash",
]

[[package]]
name = "polonius-engine"
version = "0.13.0"
source = "registry+https://github.com/rust-lang/crates.io-index"
checksum = "c4e8e505342045d397d0b6674dcb82d6faf5cf40484d30eeb88fc82ef14e903f"
dependencies = [
 "datafrog",
 "log",
 "rustc-hash",
]

[[package]]
name = "rustc-hash"
version = "1.1.0"
source = "registry+https://github.com/rust-lang/crates.io-index"
checksum = "08d43f7aa6b08d49f382cde6a7982047c3426db949b1424bc4b7ec9ae12c6ce2"
